
Microsoft Visual Studio Solution File, Format Version 12.00
# Visual Studio Version 17
VisualStudioVersion = 17.14.36623.8 d17.14
MinimumVisualStudioVersion = 10.0.40219.1
Project("{FAE04EC0-301F-11D3-BF4B-00C04F79EFBC}") = "Employee Management System", "Employee Management System\Employee Management System.csproj", "{533B32D4-F634-4150-8356-27675D56B348}"
EndProject
Global
	GlobalSection(SolutionConfigurationPlatforms) = preSolution
		Debug|Any CPU = Debug|Any CPU
		Release|Any CPU = Release|Any CPU
	EndGlobalSection
	GlobalSection(ProjectConfigurationPlatforms) = postSolution
		{533B32D4-F634-4150-8356-27675D56B348}.Debug|Any CPU.ActiveCfg = Debug|Any CPU
		{533B32D4-F634-4150-8356-27675D56B348}.Debug|Any CPU.Build.0 = Debug|Any CPU
		{533B32D4-F634-4150-8356-27675D56B348}.Release|Any CPU.ActiveCfg = Release|Any CPU
		{533B32D4-F634-4150-8356-27675D56B348}.Release|Any CPU.Build.0 = Release|Any CPU
	EndGlobalSection
	GlobalSection(SolutionProperties) = preSolution
		HideSolutionNode = FALSE
	EndGlobalSection
	GlobalSection(ExtensibilityGlobals) = postSolution
		SolutionGuid = {23618326-DD51-44CC-ABF9-DB7D0C5DBA15}
	EndGlobalSection
EndGlobal
